// !$*UTF8*$!
{
	archiveVersion = 1;
	classes = {
	};
	objectVersion = 55;
	objects = {

/* Begin PBXBuildFile section */
		6B8E97FC5BA605E5EFE74DD3 /* Pods_Custom_Login_Register_Firebase.framework in Frameworks */ = {isa = PBXBuildFile; fileRef = 202DAF4A6BDDFAFF44989FB0 /* Pods_Custom_Login_Register_Firebase.framework */; };
		DE9639482846A7CD00F4824F /* AppDelegate.swift in Sources */ = {isa = PBXBuildFile; fileRef = DE9639472846A7CD00F4824F /* AppDelegate.swift */; };
		DE96394A2846A7CD00F4824F /* SceneDelegate.swift in Sources */ = {isa = PBXBuildFile; fileRef = DE9639492846A7CD00F4824F /* SceneDelegate.swift */; };
		DE96394F2846A7CD00F4824F /* Main.storyboard in Resources */ = {isa = PBXBuildFile; fileRef = DE96394D2846A7CD00F4824F /* Main.storyboard */; };
		DE9639512846A7D000F4824F /* Assets.xcassets in Resources */ = {isa = PBXBuildFile; fileRef = DE9639502846A7D000F4824F /* Assets.xcassets */; };
		DE9639542846A7D000F4824F /* LaunchScreen.storyboard in Resources */ = {isa = PBXBuildFile; fileRef = DE9639522846A7D000F4824F /* LaunchScreen.storyboard */; };
		DE96395C2846A8AC00F4824F /* LoginViewController.swift in Sources */ = {isa = PBXBuildFile; fileRef = DE96395B2846A8AC00F4824F /* LoginViewController.swift */; };
		DE96395E2846A8C000F4824F /* SignUpViewController.swift in Sources */ = {isa = PBXBuildFile; fileRef = DE96395D2846A8C000F4824F /* SignUpViewController.swift */; };
		DE9639602846AE1C00F4824F /* GoogleService-Info.plist in Resources */ = {isa = PBXBuildFile; fileRef = DE96395F2846AE1C00F4824F /* GoogleService-Info.plist */; };
/* End PBXBuildFile section */

/* Begin PBXFileReference section */
		0F1B3FBADEEA49D1506941D5 /* Pods-Custom Login Register Firebase.debug.xcconfig */ = {isa = PBXFileReference; includeInIndex = 1; lastKnownFileType = text.xcconfig; name = "Pods-Custom Login Register Firebase.debug.xcconfig"; path = "Target Support Files/Pods-Custom Login Register Firebase/Pods-Custom Login Register Firebase.debug.xcconfig"; sourceTree = "<group>"; };
		202DAF4A6BDDFAFF44989FB0 /* Pods_Custom_Login_Register_Firebase.framework */ = {isa = PBXFileReference; explicitFileType = wrapper.framework; includeInIndex = 0; path = Pods_Custom_Login_Register_Firebase.framework; sourceTree = BUILT_PRODUCTS_DIR; };
		DE9639442846A7CD00F4824F /* Custom Login Register Firebase.app */ = {isa = PBXFileReference; explicitFileType = wrapper.application; includeInIndex = 0; path = "Custom Login Register Firebase.app"; sourceTree = BUILT_PRODUCTS_DIR; };
		DE9639472846A7CD00F4824F /* AppDelegate.swift */ = {isa = PBXFileReference; lastKnownFileType = sourcecode.swift; path = AppDelegate.swift; sourceTree = "<group>"; };
		DE9639492846A7CD00F4824F /* SceneDelegate.swift */ = {isa = PBXFileReference; lastKnownFileType = sourcecode.swift; path = SceneDelegate.swift; sourceTree = "<group>"; };
		DE96394E2846A7CD00F4824F /* Base */ = {isa = PBXFileReference; lastKnownFileType = file.storyboard; name = Base; path = Base.lproj/Main.storyboard; sourceTree = "<group>"; };
		DE9639502846A7D000F4824F /* Assets.xcassets */ = {isa = PBXFileReference; lastKnownFileType = folder.assetcatalog; path = Assets.xcassets; sourceTree = "<group>"; };
		DE9639532846A7D000F4824F /* Base */ = {isa = PBXFileReference; lastKnownFileType = file.storyboard; name = Base; path = Base.lproj/LaunchScreen.storyboard; sourceTree = "<group>"; };
		DE9639552846A7D000F4824F /* Info.plist */ = {isa = PBXFileReference; lastKnownFileType = text.plist.xml; path = Info.plist; sourceTree = "<group>"; };
		DE96395B2846A8AC00F4824F /* LoginViewController.swift */ = {isa = PBXFileReference; lastKnownFileType = sourcecode.swift; path = LoginViewController.swift; sourceTree = "<group>"; };
		DE96395D2846A8C000F4824F /* SignUpViewController.swift */ = {isa = PBXFileReference; lastKnownFileType = sourcecode.swift; path = SignUpViewController.swift; sourceTree = "<group>"; };
		DE96395F2846AE1C00F4824F /* GoogleService-Info.plist */ = {isa = PBXFileReference; fileEncoding = 4; lastKnownFileType = text.plist.xml; path = "GoogleService-Info.plist"; sourceTree = "<group>"; };
		EC6BE6C28E757589D3E98B3E /* Pods-Custom Login Register Firebase.release.xcconfig */ = {isa = PBXFileReference; includeInIndex = 1; lastKnownFileType = text.xcconfig; name = "Pods-Custom Login Register Firebase.release.xcconfig"; path = "Target Support Files/Pods-Custom Login Register Firebase/Pods-Custom Login Register Firebase.release.xcconfig"; sourceTree = "<group>"; };
/* End PBXFileReference section */

/* Begin PBXFrameworksBuildPhase section */
		DE9639412846A7CD00F4824F /* Frameworks */ = {
			isa = PBXFrameworksBuildPhase;
			buildActionMask = 2147483647;
			files = (
				6B8E97FC5BA605E5EFE74DD3 /* Pods_Custom_Login_Register_Firebase.framework in Frameworks */,
			);
			runOnlyForDeploymentPostprocessing = 0;
		};
/* End PBXFrameworksBuildPhase section */

/* Begin PBXGroup section */
		23A78F50A22071E5D6BA1B8B /* Frameworks */ = {
			isa = PBXGroup;
			children = (
				202DAF4A6BDDFAFF44989FB0 /* Pods_Custom_Login_Register_Firebase.framework */,
			);
			name = Frameworks;
			sourceTree = "<group>";
		};
		A7FD2F1A6A6AE36BBFF415AD /* Pods */ = {
			isa = PBXGroup;
			children = (
				0F1B3FBADEEA49D1506941D5 /* Pods-Custom Login Register Firebase.debug.xcconfig */,
				EC6BE6C28E757589D3E98B3E /* Pods-Custom Login Register Firebase.release.xcconfig */,
			);
			name = Pods;
			path = Pods;
			sourceTree = "<group>";
		};
		DE96393B2846A7CD00F4824F = {
			isa = PBXGroup;
			children = (
				DE9639462846A7CD00F4824F /* Custom Login Register Firebase */,
				DE9639452846A7CD00F4824F /* Products */,
				A7FD2F1A6A6AE36BBFF415AD /* Pods */,
				23A78F50A22071E5D6BA1B8B /* Frameworks */,
			);
			sourceTree = "<group>";
		};
		DE9639452846A7CD00F4824F /* Products */ = {
			isa = PBXGroup;
			children = (
				DE9639442846A7CD00F4824F /* Custom Login Register Firebase.app */,
			);
			name = Products;
			sourceTree = "<group>";
		};
		DE9639462846A7CD00F4824F /* Custom Login Register Firebase */ = {
			isa = PBXGroup;
			children = (
				DE96395F2846AE1C00F4824F /* GoogleService-Info.plist */,
				DE9639472846A7CD00F4824F /* AppDelegate.swift */,
				DE9639492846A7CD00F4824F /* SceneDelegate.swift */,
				DE96394D2846A7CD00F4824F /* Main.storyboard */,
				DE9639502846A7D000F4824F /* Assets.xcassets */,
				DE9639522846A7D000F4824F /* LaunchScreen.storyboard */,
				DE9639552846A7D000F4824F /* Info.plist */,
				DE96395B2846A8AC00F4824F /* LoginViewController.swift */,
				DE96395D2846A8C000F4824F /* SignUpViewController.swift */,
			);
			path = "Custom Login Register Firebase";
			sourceTree = "<group>";
		};
/* End PBXGroup section */

/* Begin PBXNativeTarget section */
		DE9639432846A7CD00F4824F /* Custom Login Register Firebase */ = {
			isa = PBXNativeTarget;
			buildConfigurationList = DE9639582846A7D000F4824F /* Build configuration list for PBXNativeTarget "Custom Login Register Firebase" */;
			buildPhases = (
				366ADB0C1551A55914839A58 /* [CP] Check Pods Manifest.lock */,
				DE9639402846A7CD00F4824F /* Sources */,
				DE9639412846A7CD00F4824F /* Frameworks */,
				DE9639422846A7CD00F4824F /* Resources */,
				56459FD42CBBCECA2F901338 /* [CP] Embed Pods Frameworks */,
			);
			buildRules = (
			);
			dependencies = (
			);
			name = "Custom Login Register Firebase";
			productName = "Custom Login Register Firebase";
			productReference = DE9639442846A7CD00F4824F /* Custom Login Register Firebase.app */;
			productType = "com.apple.product-type.application";
		};
/* End PBXNativeTarget section */

/* Begin PBXProject section */
		DE96393C2846A7CD00F4824F /* Project object */ = {
			isa = PBXProject;
			attributes = {
				BuildIndependentTargetsInParallel = 1;
				LastSwiftUpdateCheck = 1320;
				LastUpgradeCheck = 1320;
				TargetAttributes = {
					DE9639432846A7CD00F4824F = {
						CreatedOnToolsVersion = 13.2.1;
					};
				};
			};
			buildConfigurationList = DE96393F2846A7CD00F4824F /* Build configuration list for PBXProject "Custom Login Register Firebase" */;
			compatibilityVersion = "Xcode 13.0";
			developmentRegion = en;
			hasScannedForEncodings = 0;
			knownRegions = (
				en,
				Base,
			);
			mainGroup = DE96393B2846A7CD00F4824F;
			productRefGroup = DE9639452846A7CD00F4824F /* Products */;
			projectDirPath = "";
			projectRoot = "";
			targets = (
				DE9639432846A7CD00F4824F /* Custom Login Register Firebase */,
			);
		};
/* End PBXProject section */

/* Begin PBXResourcesBuildPhase section */
		DE9639422846A7CD00F4824F /* Resources */ = {
			isa = PBXResourcesBuildPhase;
			buildActionMask = 2147483647;
			files = (
				DE9639602846AE1C00F4824F /* GoogleService-Info.plist in Resources */,
				DE9639542846A7D000F4824F /* LaunchScreen.storyboard in Resources */,
				DE9639512846A7D000F4824F /* Assets.xcassets in Resources */,
				DE96394F2846A7CD00F4824F /* Main.storyboard in Resources */,
			);
			runOnlyForDeploymentPostprocessing = 0;
		};
/* End PBXResourcesBuildPhase section */

/* Begin PBXShellScriptBuildPhase section */
		366ADB0C1551A55914839A58 /* [CP] Check Pods Manifest.lock */ = {
			isa = PBXShellScriptBuildPhase;
			buildActionMask = 2147483647;
			files = (
			);
			inputFileListPaths = (
			);
			inputPaths = (
				"${PODS_PODFILE_DIR_PATH}/Podfile.lock",
				"${PODS_ROOT}/Manifest.lock",
			);
			name = "[CP] Check Pods Manifest.lock";
			outputFileListPaths = (
			);
			outputPaths = (
				"$(DERIVED_FILE_DIR)/Pods-Custom Login Register Firebase-checkManifestLockResult.txt",
			);
			runOnlyForDeploymentPostprocessing = 0;
			shellPath = /bin/sh;
			shellScript = "diff \"${PODS_PODFILE_DIR_PATH}/Podfile.lock\" \"${PODS_ROOT}/Manifest.lock\" > /dev/null\nif [ $? != 0 ] ; then\n    # print error to STDERR\n    echo \"error: The sandbox is not in sync with the Podfile.lock. Run 'pod install' or update your CocoaPods installation.\" >&2\n    exit 1\nfi\n# This output is used by Xcode 'outputs' to avoid re-running this script phase.\necho \"SUCCESS\" > \"${SCRIPT_OUTPUT_FILE_0}\"\n";
			showEnvVarsInLog = 0;
		};
		56459FD42CBBCECA2F901338 /* [CP] Embed Pods Frameworks */ = {
			isa = PBXShellScriptBuildPhase;
			buildActionMask = 2147483647;
			files = (
			);
			inputFileListPaths = (
				"${PODS_ROOT}/Target Support Files/Pods-Custom Login Register Firebase/Pods-Custom Login Register Firebase-frameworks-${CONFIGURATION}-input-files.xcfilelist",
			);
			name = "[CP] Embed Pods Frameworks";
			outputFileListPaths = (
				"${PODS_ROOT}/Target Support Files/Pods-Custom Login Register Firebase/Pods-Custom Login Register Firebase-frameworks-${CONFIGURATION}-output-files.xcfilelist",
			);
			runOnlyForDeploymentPostprocessing = 0;
			shellPath = /bin/sh;
			shellScript = "\"${PODS_ROOT}/Target Support Files/Pods-Custom Login Register Firebase/Pods-Custom Login Register Firebase-frameworks.sh\"\n";
			showEnvVarsInLog = 0;
		};
/* End PBXShellScriptBuildPhase section */

/* Begin PBXSourcesBuildPhase section */
		DE9639402846A7CD00F4824F /* Sources */ = {
			isa = PBXSourcesBuildPhase;
			buildActionMask = 2147483647;
			files = (
				DE96395C2846A8AC00F4824F /* LoginViewController.swift in Sources */,
				DE9639482846A7CD00F4824F /* AppDelegate.swift in Sources */,
				DE96394A2846A7CD00F4824F /* SceneDelegate.swift in Sources */,
				DE96395E2846A8C000F4824F /* SignUpViewController.swift in Sources */,
			);
			runOnlyForDeploymentPostprocessing = 0;
		};
/* End PBXSourcesBuildPhase section */

/* Begin PBXVariantGroup section */
		DE96394D2846A7CD00F4824F /* Main.storyboard */ = {
			isa = PBXVariantGroup;
			children = (
				DE96394E2846A7CD00F4824F /* Base */,
			);
			name = Main.storyboard;
			sourceTree = "<group>";
		};
		DE9639522846A7D000F4824F /* LaunchScreen.storyboard */ = {
			isa = PBXVariantGroup;
			children = (
				DE9639532846A7D000F4824F /* Base */,
			);
			name = LaunchScreen.storyboard;
			sourceTree = "<group>";
		};
/* End PBXVariantGroup section */

/* Begin XCBuildConfiguration section */
		DE9639562846A7D000F4824F /* Debug */ = {
			isa = XCBuildConfiguration;
			buildSettings = {
				ALWAYS_SEARCH_USER_PATHS = NO;
				CLANG_ANALYZER_NONNULL = YES;
				CLANG_ANALYZER_NUMBER_OBJECT_CONVERSION = YES_AGGRESSIVE;
				CLANG_CXX_LANGUAGE_STANDARD = "gnu++17";
				CLANG_CXX_LIBRARY = "libc++";
				CLANG_ENABLE_MODULES = YES;
				CLANG_ENABLE_OBJC_ARC = YES;
				CLANG_ENABLE_OBJC_WEAK = YES;
				CLANG_WARN_BLOCK_CAPTURE_AUTORELEASING = YES;
				CLANG_WARN_BOOL_CONVERSION = YES;
				CLANG_WARN_COMMA = YES;
				CLANG_WARN_CONSTANT_CONVERSION = YES;
				CLANG_WARN_DEPRECATED_OBJC_IMPLEMENTATIONS = YES;
				CLANG_WARN_DIRECT_OBJC_ISA_USAGE = YES_ERROR;
				CLANG_WARN_DOCUMENTATION_COMMENTS = YES;
				CLANG_WARN_EMPTY_BODY = YES;
				CLANG_WARN_ENUM_CONVERSION = YES;
				CLANG_WARN_INFINITE_RECURSION = YES;
				CLANG_WARN_INT_CONVERSION = YES;
				CLANG_WARN_NON_LITERAL_NULL_CONVERSION = YES;
				CLANG_WARN_OBJC_IMPLICIT_RETAIN_SELF = YES;
				CLANG_WARN_OBJC_LITERAL_CONVERSION = YES;
				CLANG_WARN_OBJC_ROOT_CLASS = YES_ERROR;
				CLANG_WARN_QUOTED_INCLUDE_IN_FRAMEWORK_HEADER = YES;
				CLANG_WARN_RANGE_LOOP_ANALYSIS = YES;
				CLANG_WARN_STRICT_PROTOTYPES = YES;
				CLANG_WARN_SUSPICIOUS_MOVE = YES;
				CLANG_WARN_UNGUARDED_AVAILABILITY = YES_AGGRESSIVE;
				CLANG_WARN_UNREACHABLE_CODE = YES;
				CLANG_WARN__DUPLICATE_METHOD_MATCH = YES;
				COPY_PHASE_STRIP = NO;
				DEBUG_INFORMATION_FORMAT = dwarf;
				ENABLE_STRICT_OBJC_MSGSEND = YES;
				ENABLE_TESTABILITY = YES;
				GCC_C_LANGUAGE_STANDARD = gnu11;
				GCC_DYNAMIC_NO_PIC = NO;
				GCC_NO_COMMON_BLOCKS = YES;
				GCC_OPTIMIZATION_LEVEL = 0;
				GCC_PREPROCESSOR_DEFINITIONS = (
					"DEBUG=1",
					"$(inherited)",
				);
				GCC_WARN_64_TO_32_BIT_CONVERSION = YES;
				GCC_WARN_ABOUT_RETURN_TYPE = YES_ERROR;
				GCC_WARN_UNDECLARED_SELECTOR = YES;
				GCC_WARN_UNINITIALIZED_AUTOS = YES_AGGRESSIVE;
				GCC_WARN_UNUSED_FUNCTION = YES;
				GCC_WARN_UNUSED_VARIABLE = YES;
				IPHONEOS_DEPLOYMENT_TARGET = 15.2;
				MTL_ENABLE_DEBUG_INFO = INCLUDE_SOURCE;
				MTL_FAST_MATH = YES;
				ONLY_ACTIVE_ARCH = YES;
				SDKROOT = iphoneos;
				SWIFT_ACTIVE_COMPILATION_CONDITIONS = DEBUG;
				SWIFT_OPTIMIZATION_LEVEL = "-Onone";
			};
			name = Debug;
		};
		DE9639572846A7D000F4824F /* Release */ = {
			isa = XCBuildConfiguration;
			buildSettings = {
				ALWAYS_SEARCH_USER_PATHS = NO;
				CLANG_ANALYZER_NONNULL = YES;
				CLANG_ANALYZER_NUMBER_OBJECT_CONVERSION = YES_AGGRESSIVE;
				CLANG_CXX_LANGUAGE_STANDARD = "gnu++17";
				CLANG_CXX_LIBRARY = "libc++";
				CLANG_ENABLE_MODULES = YES;
				CLANG_ENABLE_OBJC_ARC = YES;
				CLANG_ENABLE_OBJC_WEAK = YES;
				CLANG_WARN_BLOCK_CAPTURE_AUTORELEASING = YES;
				CLANG_WARN_BOOL_CONVERSION = YES;
				CLANG_WARN_COMMA = YES;
				CLANG_WARN_CONSTANT_CONVERSION = YES;
				CLANG_WARN_DEPRECATED_OBJC_IMPLEMENTATIONS = YES;
				CLANG_WARN_DIRECT_OBJC_ISA_USAGE = YES_ERROR;
				CLANG_WARN_DOCUMENTATION_COMMENTS = YES;
				CLANG_WARN_EMPTY_BODY = YES;
				CLANG_WARN_ENUM_CONVERSION = YES;
				CLANG_WARN_INFINITE_RECURSION = YES;
				CLANG_WARN_INT_CONVERSION = YES;
				CLANG_WARN_NON_LITERAL_NULL_CONVERSION = YES;
				CLANG_WARN_OBJC_IMPLICIT_RETAIN_SELF = YES;
				CLANG_WARN_OBJC_LITERAL_CONVERSION = YES;
				CLANG_WARN_OBJC_ROOT_CLASS = YES_ERROR;
				CLANG_WARN_QUOTED_INCLUDE_IN_FRAMEWORK_HEADER = YES;
				CLANG_WARN_RANGE_LOOP_ANALYSIS = YES;
				CLANG_WARN_STRICT_PROTOTYPES = YES;
				CLANG_WARN_SUSPICIOUS_MOVE = YES;
				CLANG_WARN_UNGUARDED_AVAILABILITY = YES_AGGRESSIVE;
				CLANG_WARN_UNREACHABLE_CODE = YES;
				CLANG_WARN__DUPLICATE_METHOD_MATCH = YES;
				COPY_PHASE_STRIP = NO;
				DEBUG_INFORMATION_FORMAT = "dwarf-with-dsym";
				ENABLE_NS_ASSERTIONS = NO;
				ENABLE_STRICT_OBJC_MSGSEND = YES;
				GCC_C_LANGUAGE_STANDARD = gnu11;
				GCC_NO_COMMON_BLOCKS = YES;
				GCC_WARN_64_TO_32_BIT_CONVERSION = YES;
				GCC_WARN_ABOUT_RETURN_TYPE = YES_ERROR;
				GCC_WARN_UNDECLARED_SELECTOR = YES;
				GCC_WARN_UNINITIALIZED_AUTOS = YES_AGGRESSIVE;
				GCC_WARN_UNUSED_FUNCTION = YES;
				GCC_WARN_UNUSED_VARIABLE = YES;
				IPHONEOS_DEPLOYMENT_TARGET = 15.2;
				MTL_ENABLE_DEBUG_INFO = NO;
				MTL_FAST_MATH = YES;
				SDKROOT = iphoneos;
				SWIFT_COMPILATION_MODE = wholemodule;
				SWIFT_OPTIMIZATION_LEVEL = "-O";
				VALIDATE_PRODUCT = YES;
			};
			name = Release;
		};
		DE9639592846A7D000F4824F /* Debug */ = {
			isa = XCBuildConfiguration;
			baseConfigurationReference = 0F1B3FBADEEA49D1506941D5 /* Pods-Custom Login Register Firebase.debug.xcconfig */;
			buildSettings = {
				ASSETCATALOG_COMPILER_APPICON_NAME = AppIcon;
				ASSETCATALOG_COMPILER_GLOBAL_ACCENT_COLOR_NAME = AccentColor;
				CODE_SIGN_STYLE = Automatic;
				CURRENT_PROJECT_VERSION = 1;
				DEVELOPMENT_TEAM = 7CRNJ953YN;
				GENERATE_INFOPLIST_FILE = YES;
				INFOPLIST_FILE = "Custom Login Register Firebase/Info.plist";
				INFOPLIST_KEY_UIApplicationSupportsIndirectInputEvents = YES;
				INFOPLIST_KEY_UILaunchStoryboardName = LaunchScreen;
				INFOPLIST_KEY_UIMainStoryboardFile = Main;
				INFOPLIST_KEY_UISupportedInterfaceOrientations_iPad = "UIInterfaceOrientationPortrait UIInterfaceOrientationPortraitUpsideDown UIInterfaceOrientationLandscapeLeft UIInterfaceOrientationLandscapeRight";
				INFOPLIST_KEY_UISupportedInterfaceOrientations_iPhone = "UIInterfaceOrientationPortrait UIInterfaceOrientationLandscapeLeft UIInterfaceOrientationLandscapeRight";
				LD_RUNPATH_SEARCH_PATHS = (
					"$(inherited)",
					"@executable_path/Frameworks",
				);
				MARKETING_VERSION = 1.0;
				PRODUCT_BUNDLE_IDENTIFIER = "com.omerKilicaslan.Custom-Login-Register-Firebase";
				PRODUCT_NAME = "$(TARGET_NAME)";
				SWIFT_EMIT_LOC_STRINGS = YES;
				SWIFT_VERSION = 5.0;
				TARGETED_DEVICE_FAMILY = "1,2";
			};
			name = Debug;
		};
		DE96395A2846A7D000F4824F /* Release */ = {
			isa = XCBuildConfiguration;
			baseConfigurationReference = EC6BE6C28E757589D3E98B3E /* Pods-Custom Login Register Firebase.release.xcconfig */;
			buildSettings = {
				ASSETCATALOG_COMPILER_APPICON_NAME = AppIcon;
				ASSETCATALOG_COMPILER_GLOBAL_ACCENT_COLOR_NAME = AccentColor;
				CODE_SIGN_STYLE = Automatic;
				CURRENT_PROJECT_VERSION = 1;
				DEVELOPMENT_TEAM = 7CRNJ953YN;
				GENERATE_INFOPLIST_FILE = YES;
				INFOPLIST_FILE = "Custom Login Register Firebase/Info.plist";
				INFOPLIST_KEY_UIApplicationSupportsIndirectInputEvents = YES;
				INFOPLIST_KEY_UILaunchStoryboardName = LaunchScreen;
				INFOPLIST_KEY_UIMainStoryboardFile = Main;
				INFOPLIST_KEY_UISupportedInterfaceOrientations_iPad = "UIInterfaceOrientationPortrait UIInterfaceOrientationPortraitUpsideDown UIInterfaceOrientationLandscapeLeft UIInterfaceOrientationLandscapeRight";
				INFOPLIST_KEY_UISupportedInterfaceOrientations_iPhone = "UIInterfaceOrientationPortrait UIInterfaceOrientationLandscapeLeft UIInterfaceOrientationLandscapeRight";
				LD_RUNPATH_SEARCH_PATHS = (
					"$(inherited)",
					"@executable_path/Frameworks",
				);
				MARKETING_VERSION = 1.0;
				PRODUCT_BUNDLE_IDENTIFIER = "com.omerKilicaslan.Custom-Login-Register-Firebase";
				PRODUCT_NAME = "$(TARGET_NAME)";
				SWIFT_EMIT_LOC_STRINGS = YES;
				SWIFT_VERSION = 5.0;
				TARGETED_DEVICE_FAMILY = "1,2";
			};
			name = Release;
		};
/* End XCBuildConfiguration section */

/* Begin XCConfigurationList section */
		DE96393F2846A7CD00F4824F /* Build configuration list for PBXProject "Custom Login Register Firebase" */ = {
			isa = XCConfigurationList;
			buildConfigurations = (
				DE9639562846A7D000F4824F /* Debug */,
				DE9639572846A7D000F4824F /* Release */,
			);
			defaultConfigurationIsVisible = 0;
			defaultConfigurationName = Release;
		};
		DE9639582846A7D000F4824F /* Build configuration list for PBXNativeTarget "Custom Login Register Firebase" */ = {
			isa = XCConfigurationList;
			buildConfigurations = (
				DE9639592846A7D000F4824F /* Debug */,
				DE96395A2846A7D000F4824F /* Release */,
			);
			defaultConfigurationIsVisible = 0;
			defaultConfigurationName = Release;
		};
/* End XCConfigurationList section */
	};
	rootObject = DE96393C2846A7CD00F4824F /* Project object */;
}
